
Microsoft Visual Studio Solution File, Format Version 12.00
# Visual Studio 15
VisualStudioVersion = 15.0.28307.539
MinimumVisualStudioVersion = 10.0.40219.1
Project("{FAE04EC0-301F-11D3-BF4B-00C04F79EFBC}") = "MaterialOT", "MaterialOT\MaterialOT.csproj", "{B8CFDA41-8482-47A9-A7C4-24ECD36C7968}"
EndProject
Global
	GlobalSection(SolutionConfigurationPlatforms) = preSolution
		Debug|Any CPU = Debug|Any CPU
		Release|Any CPU = Release|Any CPU
	EndGlobalSection
	GlobalSection(ProjectConfigurationPlatforms) = postSolution
		{B8CFDA41-8482-47A9-A7C4-24ECD36C7968}.Debug|Any CPU.ActiveCfg = Debug|Any CPU
		{B8CFDA41-8482-47A9-A7C4-24ECD36C7968}.Debug|Any CPU.Build.0 = Debug|Any CPU
		{B8CFDA41-8482-47A9-A7C4-24ECD36C7968}.Release|Any CPU.ActiveCfg = Release|Any CPU
		{B8CFDA41-8482-47A9-A7C4-24ECD36C7968}.Release|Any CPU.Build.0 = Release|Any CPU
	EndGlobalSection
	GlobalSection(SolutionProperties) = preSolution
		HideSolutionNode = FALSE
	EndGlobalSection
	GlobalSection(ExtensibilityGlobals) = postSolution
		SolutionGuid = {F007E8DA-2A83-4A83-BB3E-D9B4B47F11CF}
	EndGlobalSection
EndGlobal
